{
  "name": "Projects",
  "lockfileVersion": 3,
  "requires": true,
  "packages": {
    "": {
      "dependencies": {
        "react-spinners": "^0.13.8"
      }
    },
    "node_modules/react-spinners": {
      "version": "0.13.8",
      "resolved": "https://registry.npmjs.org/react-spinners/-/react-spinners-0.13.8.tgz",
      "integrity": "sha512-3e+k56lUkPj0vb5NDXPVFAOkPC//XyhKPJjvcGjyMNPWsBKpplfeyialP74G7H7+It7KzhtET+MvGqbKgAqpZA==",
      "peerDependencies": {
        "react": "^16.0.0 || ^17.0.0 || ^18.0.0",
        "react-dom": "^16.0.0 || ^17.0.0 || ^18.0.0"
      }
    }
  }
}
